
Microsoft Visual Studio Solution File, Format Version 12.00
# Visual Studio Version 17
VisualStudioVersion = 17.11.35327.3
MinimumVisualStudioVersion = 10.0.40219.1
Project("{9A19103F-16F7-4668-BE54-9A1E7A4F7556}") = "Hiwapardaz.SepehrBarin.Domain", "Hiwapardaz.SepehrBarin.Domain\Hiwapardaz.SepehrBarin.Domain.csproj", "{551C4520-FEC5-40E1-8BD2-A776321CA6F8}"
EndProject
Project("{9A19103F-16F7-4668-BE54-9A1E7A4F7556}") = "Hiwapardaz.SepehrBarin.Infrastructure", "Hiwapardaz.SepehrBarin.Infrastructure\Hiwapardaz.SepehrBarin.Infrastructure.csproj", "{FDFCEA16-2175-45C6-8BCB-50A12ADA24DE}"
EndProject
Project("{9A19103F-16F7-4668-BE54-9A1E7A4F7556}") = "Hiwapardaz.SepehrBarin.Api", "Hiwapardaz.SepehrBarin.Api\Hiwapardaz.SepehrBarin.Api.csproj", "{F3BEAFD4-C6FE-4FBB-8065-543BA78512A6}"
EndProject
Project("{FAE04EC0-301F-11D3-BF4B-00C04F79EFBC}") = "Hiwapardaz.SepehrBarin.Common", "Hiwapardaz.SepehrBarin.Common\Hiwapardaz.SepehrBarin.Common.csproj", "{140D4B21-1303-41F5-92BD-A279A005107A}"
EndProject
Project("{2150E333-8FDC-42A3-9474-1A3956D46DE8}") = "Solution Items", "Solution Items", "{522DC0D1-6CB4-453B-9A92-42E1EF361A7A}"
EndProject
Project("{FAE04EC0-301F-11D3-BF4B-00C04F79EFBC}") = "Hiwapardaz.SepehrBarin.Persistence", "Hiwapardaz.SepehrBarin.Persistence\Hiwapardaz.SepehrBarin.Persistence.csproj", "{2B058EB6-1048-4A53-85D3-06A1A490E2C1}"
EndProject
Project("{FAE04EC0-301F-11D3-BF4B-00C04F79EFBC}") = "Hiwapardaz.SepehrBarin.Application", "Hiwapardaz.SepehrBarin.Application\Hiwapardaz.SepehrBarin.Application.csproj", "{F7D4FE50-2B44-4AF4-A86F-ABDAF102EE84}"
EndProject
Global
	GlobalSection(SolutionConfigurationPlatforms) = preSolution
		Debug|Any CPU = Debug|Any CPU
		Release|Any CPU = Release|Any CPU
	EndGlobalSection
	GlobalSection(ProjectConfigurationPlatforms) = postSolution
		{551C4520-FEC5-40E1-8BD2-A776321CA6F8}.Debug|Any CPU.ActiveCfg = Debug|Any CPU
		{551C4520-FEC5-40E1-8BD2-A776321CA6F8}.Debug|Any CPU.Build.0 = Debug|Any CPU
		{551C4520-FEC5-40E1-8BD2-A776321CA6F8}.Release|Any CPU.ActiveCfg = Release|Any CPU
		{551C4520-FEC5-40E1-8BD2-A776321CA6F8}.Release|Any CPU.Build.0 = Release|Any CPU
		{FDFCEA16-2175-45C6-8BCB-50A12ADA24DE}.Debug|Any CPU.ActiveCfg = Debug|Any CPU
		{FDFCEA16-2175-45C6-8BCB-50A12ADA24DE}.Debug|Any CPU.Build.0 = Debug|Any CPU
		{FDFCEA16-2175-45C6-8BCB-50A12ADA24DE}.Release|Any CPU.ActiveCfg = Release|Any CPU
		{FDFCEA16-2175-45C6-8BCB-50A12ADA24DE}.Release|Any CPU.Build.0 = Release|Any CPU
		{F3BEAFD4-C6FE-4FBB-8065-543BA78512A6}.Debug|Any CPU.ActiveCfg = Debug|Any CPU
		{F3BEAFD4-C6FE-4FBB-8065-543BA78512A6}.Debug|Any CPU.Build.0 = Debug|Any CPU
		{F3BEAFD4-C6FE-4FBB-8065-543BA78512A6}.Release|Any CPU.ActiveCfg = Release|Any CPU
		{F3BEAFD4-C6FE-4FBB-8065-543BA78512A6}.Release|Any CPU.Build.0 = Release|Any CPU
		{140D4B21-1303-41F5-92BD-A279A005107A}.Debug|Any CPU.ActiveCfg = Debug|Any CPU
		{140D4B21-1303-41F5-92BD-A279A005107A}.Debug|Any CPU.Build.0 = Debug|Any CPU
		{140D4B21-1303-41F5-92BD-A279A005107A}.Release|Any CPU.ActiveCfg = Release|Any CPU
		{140D4B21-1303-41F5-92BD-A279A005107A}.Release|Any CPU.Build.0 = Release|Any CPU
		{2B058EB6-1048-4A53-85D3-06A1A490E2C1}.Debug|Any CPU.ActiveCfg = Debug|Any CPU
		{2B058EB6-1048-4A53-85D3-06A1A490E2C1}.Debug|Any CPU.Build.0 = Debug|Any CPU
		{2B058EB6-1048-4A53-85D3-06A1A490E2C1}.Release|Any CPU.ActiveCfg = Release|Any CPU
		{2B058EB6-1048-4A53-85D3-06A1A490E2C1}.Release|Any CPU.Build.0 = Release|Any CPU
		{F7D4FE50-2B44-4AF4-A86F-ABDAF102EE84}.Debug|Any CPU.ActiveCfg = Debug|Any CPU
		{F7D4FE50-2B44-4AF4-A86F-ABDAF102EE84}.Debug|Any CPU.Build.0 = Debug|Any CPU
		{F7D4FE50-2B44-4AF4-A86F-ABDAF102EE84}.Release|Any CPU.ActiveCfg = Release|Any CPU
		{F7D4FE50-2B44-4AF4-A86F-ABDAF102EE84}.Release|Any CPU.Build.0 = Release|Any CPU
	EndGlobalSection
	GlobalSection(SolutionProperties) = preSolution
		HideSolutionNode = FALSE
	EndGlobalSection
	GlobalSection(ExtensibilityGlobals) = postSolution
		SolutionGuid = {47E523EC-BD5B-4919-98CD-C442F2CC4EC8}
	EndGlobalSection
EndGlobal
